
Microsoft Visual Studio Solution File, Format Version 12.00
# Visual Studio Version 17
VisualStudioVersion = 17.11.35327.3
MinimumVisualStudioVersion = 10.0.40219.1
Project("{FAE04EC0-301F-11D3-BF4B-00C04F79EFBC}") = "RetroGalerie", "RetroGalerie\RetroGalerie.csproj", "{2011C1EA-4DF8-4664-A4DE-E2DB810DC81D}"
EndProject
Global
	GlobalSection(SolutionConfigurationPlatforms) = preSolution
		Debug|Any CPU = Debug|Any CPU
		Release|Any CPU = Release|Any CPU
	EndGlobalSection
	GlobalSection(ProjectConfigurationPlatforms) = postSolution
		{2011C1EA-4DF8-4664-A4DE-E2DB810DC81D}.Debug|Any CPU.ActiveCfg = Debug|Any CPU
		{2011C1EA-4DF8-4664-A4DE-E2DB810DC81D}.Debug|Any CPU.Build.0 = Debug|Any CPU
		{2011C1EA-4DF8-4664-A4DE-E2DB810DC81D}.Release|Any CPU.ActiveCfg = Release|Any CPU
		{2011C1EA-4DF8-4664-A4DE-E2DB810DC81D}.Release|Any CPU.Build.0 = Release|Any CPU
	EndGlobalSection
	GlobalSection(SolutionProperties) = preSolution
		HideSolutionNode = FALSE
	EndGlobalSection
	GlobalSection(ExtensibilityGlobals) = postSolution
		SolutionGuid = {0F9D2CD9-7719-4847-8063-CCDFE4CEBBE7}
	EndGlobalSection
EndGlobal
